
Microsoft Visual Studio Solution File, Format Version 12.00
# Visual Studio Version 17
VisualStudioVersion = 17.0.31903.59
MinimumVisualStudioVersion = 10.0.40219.1
Project("{2150E333-8FDC-42A3-9474-1A3956D46DE8}") = "src", "src", "{041C71EA-0940-4EC3-9C62-619549E98383}"
EndProject
Project("{2150E333-8FDC-42A3-9474-1A3956D46DE8}") = "Core", "Core", "{B597606C-E08B-4D19-89D6-6604E92D3249}"
EndProject
Project("{FAE04EC0-301F-11D3-BF4B-00C04F79EFBC}") = "NeoServiceLayer.Core", "src\Core\NeoServiceLayer.Core\NeoServiceLayer.Core.csproj", "{0018826C-7194-4B5D-A897-49C2B875ED89}"
EndProject
Project("{FAE04EC0-301F-11D3-BF4B-00C04F79EFBC}") = "NeoServiceLayer.Infrastructure", "src\Core\NeoServiceLayer.Infrastructure\NeoServiceLayer.Infrastructure.csproj", "{313501C5-7B1A-42DD-82A4-702DB16371B5}"
EndProject
Project("{FAE04EC0-301F-11D3-BF4B-00C04F79EFBC}") = "NeoServiceLayer.Shared", "src\Core\NeoServiceLayer.Shared\NeoServiceLayer.Shared.csproj", "{1DF93834-C1C0-4C71-9F41-8347708FC6CC}"
EndProject
Project("{FAE04EC0-301F-11D3-BF4B-00C04F79EFBC}") = "NeoServiceLayer.ServiceFramework", "src\Core\NeoServiceLayer.ServiceFramework\NeoServiceLayer.ServiceFramework.csproj", "{E57D6203-74BB-4F84-B768-D12B38D644CB}"
EndProject
Project("{2150E333-8FDC-42A3-9474-1A3956D46DE8}") = "Services", "Services", "{56CB9B53-32CC-49D6-9E13-3DA2AD00D88C}"
EndProject
Project("{FAE04EC0-301F-11D3-BF4B-00C04F79EFBC}") = "NeoServiceLayer.Services.Oracle", "src\Services\NeoServiceLayer.Services.Oracle\NeoServiceLayer.Services.Oracle.csproj", "{6ABDCE40-8457-4711-84A0-3C49982B44F7}"
EndProject
Project("{2150E333-8FDC-42A3-9474-1A3956D46DE8}") = "tests", "tests", "{CD3944EB-FF32-457D-843B-921B0E1C4CBB}"
EndProject
Project("{2150E333-8FDC-42A3-9474-1A3956D46DE8}") = "Services", "Services", "{F8F85A72-0FEE-4F26-B583-8D238C71534D}"
EndProject
Project("{FAE04EC0-301F-11D3-BF4B-00C04F79EFBC}") = "NeoServiceLayer.Services.Oracle.Tests", "tests\Services\NeoServiceLayer.Services.Oracle.Tests\NeoServiceLayer.Services.Oracle.Tests.csproj", "{D4FB40C0-622F-4A8B-9FE9-C0820B9D7ED3}"
EndProject
Project("{2150E333-8FDC-42A3-9474-1A3956D46DE8}") = "Tee", "Tee", "{2A93C8AE-D535-461A-8417-CCE3AC655D8C}"
EndProject
Project("{FAE04EC0-301F-11D3-BF4B-00C04F79EFBC}") = "NeoServiceLayer.Tee.Host", "src\Tee\NeoServiceLayer.Tee.Host\NeoServiceLayer.Tee.Host.csproj", "{9F3A3FBB-4BCB-452E-A87A-6F7AEED76DE9}"
EndProject
Project("{FAE04EC0-301F-11D3-BF4B-00C04F79EFBC}") = "NeoServiceLayer.Tee.Enclave", "src\Tee\NeoServiceLayer.Tee.Enclave\NeoServiceLayer.Tee.Enclave.csproj", "{B94762E2-E5AE-4C27-8612-45DB358AAA34}"
EndProject
Project("{2150E333-8FDC-42A3-9474-1A3956D46DE8}") = "Blockchain", "Blockchain", "{EA186002-E77D-41D3-A69C-6800C1E83187}"
EndProject
Project("{FAE04EC0-301F-11D3-BF4B-00C04F79EFBC}") = "NeoServiceLayer.Neo.N3", "src\Blockchain\NeoServiceLayer.Neo.N3\NeoServiceLayer.Neo.N3.csproj", "{D1A08724-4270-4EEA-8888-E66F20C120EA}"
EndProject
Project("{FAE04EC0-301F-11D3-BF4B-00C04F79EFBC}") = "NeoServiceLayer.Neo.X", "src\Blockchain\NeoServiceLayer.Neo.X\NeoServiceLayer.Neo.X.csproj", "{8623810F-D985-4F74-A6AE-56040ED40825}"
EndProject
Project("{FAE04EC0-301F-11D3-BF4B-00C04F79EFBC}") = "NeoServiceLayer.Services.Randomness", "src\Services\NeoServiceLayer.Services.Randomness\NeoServiceLayer.Services.Randomness.csproj", "{93D18948-2815-4992-A45B-9E65AE68B338}"
EndProject
Project("{FAE04EC0-301F-11D3-BF4B-00C04F79EFBC}") = "NeoServiceLayer.Services.Randomness.Tests", "tests\Services\NeoServiceLayer.Services.Randomness.Tests\NeoServiceLayer.Services.Randomness.Tests.csproj", "{3E50ECA1-621F-49FB-9A81-2DE92270E2A3}"
EndProject
Project("{FAE04EC0-301F-11D3-BF4B-00C04F79EFBC}") = "NeoServiceLayer.Services.KeyManagement", "src\Services\NeoServiceLayer.Services.KeyManagement\NeoServiceLayer.Services.KeyManagement.csproj", "{A1B2C3D4-E5F6-7A8B-9C0D-1E2F3A4B5C6D}"
EndProject
Project("{FAE04EC0-301F-11D3-BF4B-00C04F79EFBC}") = "NeoServiceLayer.Services.Compute", "src\Services\NeoServiceLayer.Services.Compute\NeoServiceLayer.Services.Compute.csproj", "{B2C3D4E5-F6A7-8B9C-0D1E-2F3A4B5C6D7E}"
EndProject
Project("{FAE04EC0-301F-11D3-BF4B-00C04F79EFBC}") = "NeoServiceLayer.Services.Storage", "src\Services\NeoServiceLayer.Services.Storage\NeoServiceLayer.Services.Storage.csproj", "{C3D4E5F6-A7B8-9C0D-1E2F-3A4B5C6D7E8F}"
EndProject
Project("{FAE04EC0-301F-11D3-BF4B-00C04F79EFBC}") = "NeoServiceLayer.Services.Compliance", "src\Services\NeoServiceLayer.Services.Compliance\NeoServiceLayer.Services.Compliance.csproj", "{D4E5F6A7-B8C9-0D1E-2F3A-4B5C6D7E8F9A}"
EndProject
Project("{FAE04EC0-301F-11D3-BF4B-00C04F79EFBC}") = "NeoServiceLayer.Services.EventSubscription", "src\Services\NeoServiceLayer.Services.EventSubscription\NeoServiceLayer.Services.EventSubscription.csproj", "{E5F6A7B8-C90D-1E2F-3A4B-5C6D7E8F9A0B}"
EndProject
Project("{FAE04EC0-301F-11D3-BF4B-00C04F79EFBC}") = "NeoServiceLayer.Services.KeyManagement.Tests", "tests\Services\NeoServiceLayer.Services.KeyManagement.Tests\NeoServiceLayer.Services.KeyManagement.Tests.csproj", "{F6A7B8C9-0D1E-2F3A-4B5C-6D7E8F9A0B1C}"
EndProject
Project("{FAE04EC0-301F-11D3-BF4B-00C04F79EFBC}") = "NeoServiceLayer.Services.Compute.Tests", "tests\Services\NeoServiceLayer.Services.Compute.Tests\NeoServiceLayer.Services.Compute.Tests.csproj", "{A7B8C90D-1E2F-3A4B-5C6D-7E8F9A0B1C2D}"
EndProject
Project("{FAE04EC0-301F-11D3-BF4B-00C04F79EFBC}") = "NeoServiceLayer.Services.Storage.Tests", "tests\Services\NeoServiceLayer.Services.Storage.Tests\NeoServiceLayer.Services.Storage.Tests.csproj", "{B8C90D1E-2F3A-4B5C-6D7E-8F9A0B1C2D3E}"
EndProject
Project("{FAE04EC0-301F-11D3-BF4B-00C04F79EFBC}") = "NeoServiceLayer.Services.Compliance.Tests", "tests\Services\NeoServiceLayer.Services.Compliance.Tests\NeoServiceLayer.Services.Compliance.Tests.csproj", "{C90D1E2F-3A4B-5C6D-7E8F-9A0B1C2D3E4F}"
EndProject
Project("{FAE04EC0-301F-11D3-BF4B-00C04F79EFBC}") = "NeoServiceLayer.Services.EventSubscription.Tests", "tests\Services\NeoServiceLayer.Services.EventSubscription.Tests\NeoServiceLayer.Services.EventSubscription.Tests.csproj", "{0D1E2F3A-4B5C-6D7E-8F9A-0B1C2D3E4F5A}"
EndProject
Project("{FAE04EC0-301F-11D3-BF4B-00C04F79EFBC}") = "NeoServiceLayer.Api", "src\Api\NeoServiceLayer.Api\NeoServiceLayer.Api.csproj", "{1E2F3A4B-5C6D-7E8F-9A0B-1C2D3E4F5A6B}"
EndProject
Project("{2150E333-8FDC-42A3-9474-1A3956D46DE8}") = "AI", "AI", "{2F3A4B5C-6D7E-8F9A-0B1C-2D3E4F5A6B7C}"
EndProject
Project("{FAE04EC0-301F-11D3-BF4B-00C04F79EFBC}") = "NeoServiceLayer.AI.Prediction", "src\AI\NeoServiceLayer.AI.Prediction\NeoServiceLayer.AI.Prediction.csproj", "{3A4B5C6D-7E8F-9A0B-1C2D-3E4F5A6B7C8D}"
EndProject
Project("{FAE04EC0-301F-11D3-BF4B-00C04F79EFBC}") = "NeoServiceLayer.AI.PatternRecognition", "src\AI\NeoServiceLayer.AI.PatternRecognition\NeoServiceLayer.AI.PatternRecognition.csproj", "{4B5C6D7E-8F9A-0B1C-2D3E-4F5A6B7C8D9E}"
EndProject
Project("{2150E333-8FDC-42A3-9474-1A3956D46DE8}") = "Advanced", "Advanced", "{5C6D7E8F-9A0B-1C2D-3E4F-5A6B7C8D9E0F}"
EndProject
Project("{FAE04EC0-301F-11D3-BF4B-00C04F79EFBC}") = "NeoServiceLayer.Advanced.FairOrdering", "src\Advanced\NeoServiceLayer.Advanced.FairOrdering\NeoServiceLayer.Advanced.FairOrdering.csproj", "{6D7E8F9A-0B1C-2D3E-4F5A-6B7C8D9E0F1A}"
EndProject
Project("{FAE04EC0-301F-11D3-BF4B-00C04F79EFBC}") = "NeoServiceLayer.Services.Automation", "src\Services\NeoServiceLayer.Services.Automation\NeoServiceLayer.Services.Automation.csproj", "{7E8F9A0B-1C2D-3E4F-5A6B-7C8D9E0F1A2B}"
EndProject
Project("{FAE04EC0-301F-11D3-BF4B-00C04F79EFBC}") = "NeoServiceLayer.Services.CrossChain", "src\Services\NeoServiceLayer.Services.CrossChain\NeoServiceLayer.Services.CrossChain.csproj", "{8F9A0B1C-2D3E-4F5A-6B7C-8D9E0F1A2B3C}"
EndProject
Project("{FAE04EC0-301F-11D3-BF4B-00C04F79EFBC}") = "NeoServiceLayer.Services.ProofOfReserve", "src\Services\NeoServiceLayer.Services.ProofOfReserve\NeoServiceLayer.Services.ProofOfReserve.csproj", "{9A0B1C2D-3E4F-5A6B-7C8D-9E0F1A2B3C4D}"
EndProject
Project("{FAE04EC0-301F-11D3-BF4B-00C04F79EFBC}") = "NeoServiceLayer.Services.ZeroKnowledge", "src\Services\NeoServiceLayer.Services.ZeroKnowledge\NeoServiceLayer.Services.ZeroKnowledge.csproj", "{0B1C2D3E-4F5A-6B7C-8D9E-0F1A2B3C4D5E}"
EndProject
Project("{FAE04EC0-301F-11D3-BF4B-00C04F79EFBC}") = "NeoServiceLayer.Services.AbstractAccount", "src\Services\NeoServiceLayer.Services.AbstractAccount\NeoServiceLayer.Services.AbstractAccount.csproj", "{1C2D3E4F-5A6B-7C8D-9E0F-1A2B3C4D5E6F}"
EndProject
Project("{FAE04EC0-301F-11D3-BF4B-00C04F79EFBC}") = "NeoServiceLayer.Services.Backup", "src\Services\NeoServiceLayer.Services.Backup\NeoServiceLayer.Services.Backup.csproj", "{2D3E4F5A-6B7C-8D9E-0F1A-2B3C4D5E6F7A}"
EndProject
Project("{FAE04EC0-301F-11D3-BF4B-00C04F79EFBC}") = "NeoServiceLayer.Services.Configuration", "src\Services\NeoServiceLayer.Services.Configuration\NeoServiceLayer.Services.Configuration.csproj", "{3E4F5A6B-7C8D-9E0F-1A2B-3C4D5E6F7A8B}"
EndProject
Project("{FAE04EC0-301F-11D3-BF4B-00C04F79EFBC}") = "NeoServiceLayer.Services.Health", "src\Services\NeoServiceLayer.Services.Health\NeoServiceLayer.Services.Health.csproj", "{4F5A6B7C-8D9E-0F1A-2B3C-4D5E6F7A8B9C}"
EndProject
Project("{FAE04EC0-301F-11D3-BF4B-00C04F79EFBC}") = "NeoServiceLayer.Services.Monitoring", "src\Services\NeoServiceLayer.Services.Monitoring\NeoServiceLayer.Services.Monitoring.csproj", "{5A6B7C8D-9E0F-1A2B-3C4D-5E6F7A8B9C0D}"
EndProject
Project("{FAE04EC0-301F-11D3-BF4B-00C04F79EFBC}") = "NeoServiceLayer.Services.Notification", "src\Services\NeoServiceLayer.Services.Notification\NeoServiceLayer.Services.Notification.csproj", "{6B7C8D9E-0F1A-2B3C-4D5E-6F7A8B9C0D1E}"
EndProject
Project("{FAE04EC0-301F-11D3-BF4B-00C04F79EFBC}") = "NeoServiceLayer.Services.Voting", "src\Services\NeoServiceLayer.Services.Voting\NeoServiceLayer.Services.Voting.csproj", "{7C8D9E0F-1A2B-3C4D-5E6F-7A8B9C0D1E2F}"
EndProject
Project("{2150E333-8FDC-42A3-9474-1A3956D46DE8}") = "Infrastructure", "Infrastructure", "{8D9E0F1A-2B3C-4D5E-6F7A-8B9C0D1E2F3A}"
EndProject
Project("{FAE04EC0-301F-11D3-BF4B-00C04F79EFBC}") = "NeoServiceLayer.Infrastructure.Persistence", "src\Infrastructure\NeoServiceLayer.Infrastructure.Persistence\NeoServiceLayer.Infrastructure.Persistence.csproj", "{9E0F1A2B-3C4D-5E6F-7A8B-9C0D1E2F3A4B}"
EndProject
Global
	GlobalSection(SolutionConfigurationPlatforms) = preSolution
		Debug|Any CPU = Debug|Any CPU
		Release|Any CPU = Release|Any CPU
	EndGlobalSection
	GlobalSection(SolutionProperties) = preSolution
		HideSolutionNode = FALSE
	EndGlobalSection
	GlobalSection(ProjectConfigurationPlatforms) = postSolution
		{0018826C-7194-4B5D-A897-49C2B875ED89}.Debug|Any CPU.ActiveCfg = Debug|Any CPU
		{0018826C-7194-4B5D-A897-49C2B875ED89}.Debug|Any CPU.Build.0 = Debug|Any CPU
		{0018826C-7194-4B5D-A897-49C2B875ED89}.Release|Any CPU.ActiveCfg = Release|Any CPU
		{0018826C-7194-4B5D-A897-49C2B875ED89}.Release|Any CPU.Build.0 = Release|Any CPU
		{313501C5-7B1A-42DD-82A4-702DB16371B5}.Debug|Any CPU.ActiveCfg = Debug|Any CPU
		{313501C5-7B1A-42DD-82A4-702DB16371B5}.Debug|Any CPU.Build.0 = Debug|Any CPU
		{313501C5-7B1A-42DD-82A4-702DB16371B5}.Release|Any CPU.ActiveCfg = Release|Any CPU
		{313501C5-7B1A-42DD-82A4-702DB16371B5}.Release|Any CPU.Build.0 = Release|Any CPU
		{1DF93834-C1C0-4C71-9F41-8347708FC6CC}.Debug|Any CPU.ActiveCfg = Debug|Any CPU
		{1DF93834-C1C0-4C71-9F41-8347708FC6CC}.Debug|Any CPU.Build.0 = Debug|Any CPU
		{1DF93834-C1C0-4C71-9F41-8347708FC6CC}.Release|Any CPU.ActiveCfg = Release|Any CPU
		{1DF93834-C1C0-4C71-9F41-8347708FC6CC}.Release|Any CPU.Build.0 = Release|Any CPU
		{E57D6203-74BB-4F84-B768-D12B38D644CB}.Debug|Any CPU.ActiveCfg = Debug|Any CPU
		{E57D6203-74BB-4F84-B768-D12B38D644CB}.Debug|Any CPU.Build.0 = Debug|Any CPU
		{E57D6203-74BB-4F84-B768-D12B38D644CB}.Release|Any CPU.ActiveCfg = Release|Any CPU
		{E57D6203-74BB-4F84-B768-D12B38D644CB}.Release|Any CPU.Build.0 = Release|Any CPU
		{6ABDCE40-8457-4711-84A0-3C49982B44F7}.Debug|Any CPU.ActiveCfg = Debug|Any CPU
		{6ABDCE40-8457-4711-84A0-3C49982B44F7}.Debug|Any CPU.Build.0 = Debug|Any CPU
		{6ABDCE40-8457-4711-84A0-3C49982B44F7}.Release|Any CPU.ActiveCfg = Release|Any CPU
		{6ABDCE40-8457-4711-84A0-3C49982B44F7}.Release|Any CPU.Build.0 = Release|Any CPU
		{D4FB40C0-622F-4A8B-9FE9-C0820B9D7ED3}.Debug|Any CPU.ActiveCfg = Debug|Any CPU
		{D4FB40C0-622F-4A8B-9FE9-C0820B9D7ED3}.Debug|Any CPU.Build.0 = Debug|Any CPU
		{D4FB40C0-622F-4A8B-9FE9-C0820B9D7ED3}.Release|Any CPU.ActiveCfg = Release|Any CPU
		{D4FB40C0-622F-4A8B-9FE9-C0820B9D7ED3}.Release|Any CPU.Build.0 = Release|Any CPU
		{9F3A3FBB-4BCB-452E-A87A-6F7AEED76DE9}.Debug|Any CPU.ActiveCfg = Debug|Any CPU
		{9F3A3FBB-4BCB-452E-A87A-6F7AEED76DE9}.Debug|Any CPU.Build.0 = Debug|Any CPU
		{9F3A3FBB-4BCB-452E-A87A-6F7AEED76DE9}.Release|Any CPU.ActiveCfg = Release|Any CPU
		{9F3A3FBB-4BCB-452E-A87A-6F7AEED76DE9}.Release|Any CPU.Build.0 = Release|Any CPU
		{B94762E2-E5AE-4C27-8612-45DB358AAA34}.Debug|Any CPU.ActiveCfg = Debug|Any CPU
		{B94762E2-E5AE-4C27-8612-45DB358AAA34}.Debug|Any CPU.Build.0 = Debug|Any CPU
		{B94762E2-E5AE-4C27-8612-45DB358AAA34}.Release|Any CPU.ActiveCfg = Release|Any CPU
		{B94762E2-E5AE-4C27-8612-45DB358AAA34}.Release|Any CPU.Build.0 = Release|Any CPU
		{D1A08724-4270-4EEA-8888-E66F20C120EA}.Debug|Any CPU.ActiveCfg = Debug|Any CPU
		{D1A08724-4270-4EEA-8888-E66F20C120EA}.Debug|Any CPU.Build.0 = Debug|Any CPU
		{D1A08724-4270-4EEA-8888-E66F20C120EA}.Release|Any CPU.ActiveCfg = Release|Any CPU
		{D1A08724-4270-4EEA-8888-E66F20C120EA}.Release|Any CPU.Build.0 = Release|Any CPU
		{8623810F-D985-4F74-A6AE-56040ED40825}.Debug|Any CPU.ActiveCfg = Debug|Any CPU
		{8623810F-D985-4F74-A6AE-56040ED40825}.Debug|Any CPU.Build.0 = Debug|Any CPU
		{8623810F-D985-4F74-A6AE-56040ED40825}.Release|Any CPU.ActiveCfg = Release|Any CPU
		{8623810F-D985-4F74-A6AE-56040ED40825}.Release|Any CPU.Build.0 = Release|Any CPU
		{93D18948-2815-4992-A45B-9E65AE68B338}.Debug|Any CPU.ActiveCfg = Debug|Any CPU
		{93D18948-2815-4992-A45B-9E65AE68B338}.Debug|Any CPU.Build.0 = Debug|Any CPU
		{93D18948-2815-4992-A45B-9E65AE68B338}.Release|Any CPU.ActiveCfg = Release|Any CPU
		{93D18948-2815-4992-A45B-9E65AE68B338}.Release|Any CPU.Build.0 = Release|Any CPU
		{3E50ECA1-621F-49FB-9A81-2DE92270E2A3}.Debug|Any CPU.ActiveCfg = Debug|Any CPU
		{3E50ECA1-621F-49FB-9A81-2DE92270E2A3}.Debug|Any CPU.Build.0 = Debug|Any CPU
		{3E50ECA1-621F-49FB-9A81-2DE92270E2A3}.Release|Any CPU.ActiveCfg = Release|Any CPU
		{3E50ECA1-621F-49FB-9A81-2DE92270E2A3}.Release|Any CPU.Build.0 = Release|Any CPU
{A1B2C3D4-E5F6-7A8B-9C0D-1E2F3A4B5C6D}.Debug|Any CPU.ActiveCfg = Debug|Any CPU
{A1B2C3D4-E5F6-7A8B-9C0D-1E2F3A4B5C6D}.Debug|Any CPU.Build.0 = Debug|Any CPU
{A1B2C3D4-E5F6-7A8B-9C0D-1E2F3A4B5C6D}.Release|Any CPU.ActiveCfg = Release|Any CPU
{A1B2C3D4-E5F6-7A8B-9C0D-1E2F3A4B5C6D}.Release|Any CPU.Build.0 = Release|Any CPU
{B2C3D4E5-F6A7-8B9C-0D1E-2F3A4B5C6D7E}.Debug|Any CPU.ActiveCfg = Debug|Any CPU
{B2C3D4E5-F6A7-8B9C-0D1E-2F3A4B5C6D7E}.Debug|Any CPU.Build.0 = Debug|Any CPU
{B2C3D4E5-F6A7-8B9C-0D1E-2F3A4B5C6D7E}.Release|Any CPU.ActiveCfg = Release|Any CPU
{B2C3D4E5-F6A7-8B9C-0D1E-2F3A4B5C6D7E}.Release|Any CPU.Build.0 = Release|Any CPU
{C3D4E5F6-A7B8-9C0D-1E2F-3A4B5C6D7E8F}.Debug|Any CPU.ActiveCfg = Debug|Any CPU
{C3D4E5F6-A7B8-9C0D-1E2F-3A4B5C6D7E8F}.Debug|Any CPU.Build.0 = Debug|Any CPU
{C3D4E5F6-A7B8-9C0D-1E2F-3A4B5C6D7E8F}.Release|Any CPU.ActiveCfg = Release|Any CPU
{C3D4E5F6-A7B8-9C0D-1E2F-3A4B5C6D7E8F}.Release|Any CPU.Build.0 = Release|Any CPU
{D4E5F6A7-B8C9-0D1E-2F3A-4B5C6D7E8F9A}.Debug|Any CPU.ActiveCfg = Debug|Any CPU
{D4E5F6A7-B8C9-0D1E-2F3A-4B5C6D7E8F9A}.Debug|Any CPU.Build.0 = Debug|Any CPU
{D4E5F6A7-B8C9-0D1E-2F3A-4B5C6D7E8F9A}.Release|Any CPU.ActiveCfg = Release|Any CPU
{D4E5F6A7-B8C9-0D1E-2F3A-4B5C6D7E8F9A}.Release|Any CPU.Build.0 = Release|Any CPU
{E5F6A7B8-C90D-1E2F-3A4B-5C6D7E8F9A0B}.Debug|Any CPU.ActiveCfg = Debug|Any CPU
{E5F6A7B8-C90D-1E2F-3A4B-5C6D7E8F9A0B}.Debug|Any CPU.Build.0 = Debug|Any CPU
{E5F6A7B8-C90D-1E2F-3A4B-5C6D7E8F9A0B}.Release|Any CPU.ActiveCfg = Release|Any CPU
{E5F6A7B8-C90D-1E2F-3A4B-5C6D7E8F9A0B}.Release|Any CPU.Build.0 = Release|Any CPU
{F6A7B8C9-0D1E-2F3A-4B5C-6D7E8F9A0B1C}.Debug|Any CPU.ActiveCfg = Debug|Any CPU
{F6A7B8C9-0D1E-2F3A-4B5C-6D7E8F9A0B1C}.Debug|Any CPU.Build.0 = Debug|Any CPU
{F6A7B8C9-0D1E-2F3A-4B5C-6D7E8F9A0B1C}.Release|Any CPU.ActiveCfg = Release|Any CPU
{F6A7B8C9-0D1E-2F3A-4B5C-6D7E8F9A0B1C}.Release|Any CPU.Build.0 = Release|Any CPU
{A7B8C90D-1E2F-3A4B-5C6D-7E8F9A0B1C2D}.Debug|Any CPU.ActiveCfg = Debug|Any CPU
{A7B8C90D-1E2F-3A4B-5C6D-7E8F9A0B1C2D}.Debug|Any CPU.Build.0 = Debug|Any CPU
{A7B8C90D-1E2F-3A4B-5C6D-7E8F9A0B1C2D}.Release|Any CPU.ActiveCfg = Release|Any CPU
{A7B8C90D-1E2F-3A4B-5C6D-7E8F9A0B1C2D}.Release|Any CPU.Build.0 = Release|Any CPU
{B8C90D1E-2F3A-4B5C-6D7E-8F9A0B1C2D3E}.Debug|Any CPU.ActiveCfg = Debug|Any CPU
{B8C90D1E-2F3A-4B5C-6D7E-8F9A0B1C2D3E}.Debug|Any CPU.Build.0 = Debug|Any CPU
{B8C90D1E-2F3A-4B5C-6D7E-8F9A0B1C2D3E}.Release|Any CPU.ActiveCfg = Release|Any CPU
{B8C90D1E-2F3A-4B5C-6D7E-8F9A0B1C2D3E}.Release|Any CPU.Build.0 = Release|Any CPU
{C90D1E2F-3A4B-5C6D-7E8F-9A0B1C2D3E4F}.Debug|Any CPU.ActiveCfg = Debug|Any CPU
{C90D1E2F-3A4B-5C6D-7E8F-9A0B1C2D3E4F}.Debug|Any CPU.Build.0 = Debug|Any CPU
{C90D1E2F-3A4B-5C6D-7E8F-9A0B1C2D3E4F}.Release|Any CPU.ActiveCfg = Release|Any CPU
{C90D1E2F-3A4B-5C6D-7E8F-9A0B1C2D3E4F}.Release|Any CPU.Build.0 = Release|Any CPU
{0D1E2F3A-4B5C-6D7E-8F9A-0B1C2D3E4F5A}.Debug|Any CPU.ActiveCfg = Debug|Any CPU
{0D1E2F3A-4B5C-6D7E-8F9A-0B1C2D3E4F5A}.Debug|Any CPU.Build.0 = Debug|Any CPU
{0D1E2F3A-4B5C-6D7E-8F9A-0B1C2D3E4F5A}.Release|Any CPU.ActiveCfg = Release|Any CPU
{0D1E2F3A-4B5C-6D7E-8F9A-0B1C2D3E4F5A}.Release|Any CPU.Build.0 = Release|Any CPU
{1E2F3A4B-5C6D-7E8F-9A0B-1C2D3E4F5A6B}.Debug|Any CPU.ActiveCfg = Debug|Any CPU
{1E2F3A4B-5C6D-7E8F-9A0B-1C2D3E4F5A6B}.Debug|Any CPU.Build.0 = Debug|Any CPU
{1E2F3A4B-5C6D-7E8F-9A0B-1C2D3E4F5A6B}.Release|Any CPU.ActiveCfg = Release|Any CPU
{1E2F3A4B-5C6D-7E8F-9A0B-1C2D3E4F5A6B}.Release|Any CPU.Build.0 = Release|Any CPU
{3A4B5C6D-7E8F-9A0B-1C2D-3E4F5A6B7C8D}.Debug|Any CPU.ActiveCfg = Debug|Any CPU
{3A4B5C6D-7E8F-9A0B-1C2D-3E4F5A6B7C8D}.Debug|Any CPU.Build.0 = Debug|Any CPU
{3A4B5C6D-7E8F-9A0B-1C2D-3E4F5A6B7C8D}.Release|Any CPU.ActiveCfg = Release|Any CPU
{3A4B5C6D-7E8F-9A0B-1C2D-3E4F5A6B7C8D}.Release|Any CPU.Build.0 = Release|Any CPU
{4B5C6D7E-8F9A-0B1C-2D3E-4F5A6B7C8D9E}.Debug|Any CPU.ActiveCfg = Debug|Any CPU
{4B5C6D7E-8F9A-0B1C-2D3E-4F5A6B7C8D9E}.Debug|Any CPU.Build.0 = Debug|Any CPU
{4B5C6D7E-8F9A-0B1C-2D3E-4F5A6B7C8D9E}.Release|Any CPU.ActiveCfg = Release|Any CPU
{4B5C6D7E-8F9A-0B1C-2D3E-4F5A6B7C8D9E}.Release|Any CPU.Build.0 = Release|Any CPU
{6D7E8F9A-0B1C-2D3E-4F5A-6B7C8D9E0F1A}.Debug|Any CPU.ActiveCfg = Debug|Any CPU
{6D7E8F9A-0B1C-2D3E-4F5A-6B7C8D9E0F1A}.Debug|Any CPU.Build.0 = Debug|Any CPU
{6D7E8F9A-0B1C-2D3E-4F5A-6B7C8D9E0F1A}.Release|Any CPU.ActiveCfg = Release|Any CPU
{6D7E8F9A-0B1C-2D3E-4F5A-6B7C8D9E0F1A}.Release|Any CPU.Build.0 = Release|Any CPU
{7E8F9A0B-1C2D-3E4F-5A6B-7C8D9E0F1A2B}.Debug|Any CPU.ActiveCfg = Debug|Any CPU
{7E8F9A0B-1C2D-3E4F-5A6B-7C8D9E0F1A2B}.Debug|Any CPU.Build.0 = Debug|Any CPU
{7E8F9A0B-1C2D-3E4F-5A6B-7C8D9E0F1A2B}.Release|Any CPU.ActiveCfg = Release|Any CPU
{7E8F9A0B-1C2D-3E4F-5A6B-7C8D9E0F1A2B}.Release|Any CPU.Build.0 = Release|Any CPU
{8F9A0B1C-2D3E-4F5A-6B7C-8D9E0F1A2B3C}.Debug|Any CPU.ActiveCfg = Debug|Any CPU
{8F9A0B1C-2D3E-4F5A-6B7C-8D9E0F1A2B3C}.Debug|Any CPU.Build.0 = Debug|Any CPU
{8F9A0B1C-2D3E-4F5A-6B7C-8D9E0F1A2B3C}.Release|Any CPU.ActiveCfg = Release|Any CPU
{8F9A0B1C-2D3E-4F5A-6B7C-8D9E0F1A2B3C}.Release|Any CPU.Build.0 = Release|Any CPU
{9A0B1C2D-3E4F-5A6B-7C8D-9E0F1A2B3C4D}.Debug|Any CPU.ActiveCfg = Debug|Any CPU
{9A0B1C2D-3E4F-5A6B-7C8D-9E0F1A2B3C4D}.Debug|Any CPU.Build.0 = Debug|Any CPU
{9A0B1C2D-3E4F-5A6B-7C8D-9E0F1A2B3C4D}.Release|Any CPU.ActiveCfg = Release|Any CPU
{9A0B1C2D-3E4F-5A6B-7C8D-9E0F1A2B3C4D}.Release|Any CPU.Build.0 = Release|Any CPU
{0B1C2D3E-4F5A-6B7C-8D9E-0F1A2B3C4D5E}.Debug|Any CPU.ActiveCfg = Debug|Any CPU
{0B1C2D3E-4F5A-6B7C-8D9E-0F1A2B3C4D5E}.Debug|Any CPU.Build.0 = Debug|Any CPU
{0B1C2D3E-4F5A-6B7C-8D9E-0F1A2B3C4D5E}.Release|Any CPU.ActiveCfg = Release|Any CPU
{0B1C2D3E-4F5A-6B7C-8D9E-0F1A2B3C4D5E}.Release|Any CPU.Build.0 = Release|Any CPU
{1C2D3E4F-5A6B-7C8D-9E0F-1A2B3C4D5E6F}.Debug|Any CPU.ActiveCfg = Debug|Any CPU
{1C2D3E4F-5A6B-7C8D-9E0F-1A2B3C4D5E6F}.Debug|Any CPU.Build.0 = Debug|Any CPU
{1C2D3E4F-5A6B-7C8D-9E0F-1A2B3C4D5E6F}.Release|Any CPU.ActiveCfg = Release|Any CPU
{1C2D3E4F-5A6B-7C8D-9E0F-1A2B3C4D5E6F}.Release|Any CPU.Build.0 = Release|Any CPU
{2D3E4F5A-6B7C-8D9E-0F1A-2B3C4D5E6F7A}.Debug|Any CPU.ActiveCfg = Debug|Any CPU
{2D3E4F5A-6B7C-8D9E-0F1A-2B3C4D5E6F7A}.Debug|Any CPU.Build.0 = Debug|Any CPU
{2D3E4F5A-6B7C-8D9E-0F1A-2B3C4D5E6F7A}.Release|Any CPU.ActiveCfg = Release|Any CPU
{2D3E4F5A-6B7C-8D9E-0F1A-2B3C4D5E6F7A}.Release|Any CPU.Build.0 = Release|Any CPU
{3E4F5A6B-7C8D-9E0F-1A2B-3C4D5E6F7A8B}.Debug|Any CPU.ActiveCfg = Debug|Any CPU
{3E4F5A6B-7C8D-9E0F-1A2B-3C4D5E6F7A8B}.Debug|Any CPU.Build.0 = Debug|Any CPU
{3E4F5A6B-7C8D-9E0F-1A2B-3C4D5E6F7A8B}.Release|Any CPU.ActiveCfg = Release|Any CPU
{3E4F5A6B-7C8D-9E0F-1A2B-3C4D5E6F7A8B}.Release|Any CPU.Build.0 = Release|Any CPU
{4F5A6B7C-8D9E-0F1A-2B3C-4D5E6F7A8B9C}.Debug|Any CPU.ActiveCfg = Debug|Any CPU
{4F5A6B7C-8D9E-0F1A-2B3C-4D5E6F7A8B9C}.Debug|Any CPU.Build.0 = Debug|Any CPU
{4F5A6B7C-8D9E-0F1A-2B3C-4D5E6F7A8B9C}.Release|Any CPU.ActiveCfg = Release|Any CPU
{4F5A6B7C-8D9E-0F1A-2B3C-4D5E6F7A8B9C}.Release|Any CPU.Build.0 = Release|Any CPU
{5A6B7C8D-9E0F-1A2B-3C4D-5E6F7A8B9C0D}.Debug|Any CPU.ActiveCfg = Debug|Any CPU
{5A6B7C8D-9E0F-1A2B-3C4D-5E6F7A8B9C0D}.Debug|Any CPU.Build.0 = Debug|Any CPU
{5A6B7C8D-9E0F-1A2B-3C4D-5E6F7A8B9C0D}.Release|Any CPU.ActiveCfg = Release|Any CPU
{5A6B7C8D-9E0F-1A2B-3C4D-5E6F7A8B9C0D}.Release|Any CPU.Build.0 = Release|Any CPU
{6B7C8D9E-0F1A-2B3C-4D5E-6F7A8B9C0D1E}.Debug|Any CPU.ActiveCfg = Debug|Any CPU
{6B7C8D9E-0F1A-2B3C-4D5E-6F7A8B9C0D1E}.Debug|Any CPU.Build.0 = Debug|Any CPU
{6B7C8D9E-0F1A-2B3C-4D5E-6F7A8B9C0D1E}.Release|Any CPU.ActiveCfg = Release|Any CPU
{6B7C8D9E-0F1A-2B3C-4D5E-6F7A8B9C0D1E}.Release|Any CPU.Build.0 = Release|Any CPU
{7C8D9E0F-1A2B-3C4D-5E6F-7A8B9C0D1E2F}.Debug|Any CPU.ActiveCfg = Debug|Any CPU
{7C8D9E0F-1A2B-3C4D-5E6F-7A8B9C0D1E2F}.Debug|Any CPU.Build.0 = Debug|Any CPU
{7C8D9E0F-1A2B-3C4D-5E6F-7A8B9C0D1E2F}.Release|Any CPU.ActiveCfg = Release|Any CPU
{7C8D9E0F-1A2B-3C4D-5E6F-7A8B9C0D1E2F}.Release|Any CPU.Build.0 = Release|Any CPU
{9E0F1A2B-3C4D-5E6F-7A8B-9C0D1E2F3A4B}.Debug|Any CPU.ActiveCfg = Debug|Any CPU
{9E0F1A2B-3C4D-5E6F-7A8B-9C0D1E2F3A4B}.Debug|Any CPU.Build.0 = Debug|Any CPU
{9E0F1A2B-3C4D-5E6F-7A8B-9C0D1E2F3A4B}.Release|Any CPU.ActiveCfg = Release|Any CPU
{9E0F1A2B-3C4D-5E6F-7A8B-9C0D1E2F3A4B}.Release|Any CPU.Build.0 = Release|Any CPU
	EndGlobalSection
	GlobalSection(NestedProjects) = preSolution
		{B597606C-E08B-4D19-89D6-6604E92D3249} = {041C71EA-0940-4EC3-9C62-619549E98383}
		{0018826C-7194-4B5D-A897-49C2B875ED89} = {B597606C-E08B-4D19-89D6-6604E92D3249}
		{313501C5-7B1A-42DD-82A4-702DB16371B5} = {B597606C-E08B-4D19-89D6-6604E92D3249}
		{1DF93834-C1C0-4C71-9F41-8347708FC6CC} = {B597606C-E08B-4D19-89D6-6604E92D3249}
		{E57D6203-74BB-4F84-B768-D12B38D644CB} = {B597606C-E08B-4D19-89D6-6604E92D3249}
		{56CB9B53-32CC-49D6-9E13-3DA2AD00D88C} = {041C71EA-0940-4EC3-9C62-619549E98383}
		{6ABDCE40-8457-4711-84A0-3C49982B44F7} = {56CB9B53-32CC-49D6-9E13-3DA2AD00D88C}
		{F8F85A72-0FEE-4F26-B583-8D238C71534D} = {CD3944EB-FF32-457D-843B-921B0E1C4CBB}
		{D4FB40C0-622F-4A8B-9FE9-C0820B9D7ED3} = {F8F85A72-0FEE-4F26-B583-8D238C71534D}
		{2A93C8AE-D535-461A-8417-CCE3AC655D8C} = {041C71EA-0940-4EC3-9C62-619549E98383}
		{9F3A3FBB-4BCB-452E-A87A-6F7AEED76DE9} = {2A93C8AE-D535-461A-8417-CCE3AC655D8C}
		{B94762E2-E5AE-4C27-8612-45DB358AAA34} = {2A93C8AE-D535-461A-8417-CCE3AC655D8C}
		{EA186002-E77D-41D3-A69C-6800C1E83187} = {041C71EA-0940-4EC3-9C62-619549E98383}
		{D1A08724-4270-4EEA-8888-E66F20C120EA} = {EA186002-E77D-41D3-A69C-6800C1E83187}
		{8623810F-D985-4F74-A6AE-56040ED40825} = {EA186002-E77D-41D3-A69C-6800C1E83187}
		{93D18948-2815-4992-A45B-9E65AE68B338} = {56CB9B53-32CC-49D6-9E13-3DA2AD00D88C}
		{3E50ECA1-621F-49FB-9A81-2DE92270E2A3} = {F8F85A72-0FEE-4F26-B583-8D238C71534D}
{A1B2C3D4-E5F6-7A8B-9C0D-1E2F3A4B5C6D} = {56CB9B53-32CC-49D6-9E13-3DA2AD00D88C}
{B2C3D4E5-F6A7-8B9C-0D1E-2F3A4B5C6D7E} = {56CB9B53-32CC-49D6-9E13-3DA2AD00D88C}
{C3D4E5F6-A7B8-9C0D-1E2F-3A4B5C6D7E8F} = {56CB9B53-32CC-49D6-9E13-3DA2AD00D88C}
{D4E5F6A7-B8C9-0D1E-2F3A-4B5C6D7E8F9A} = {56CB9B53-32CC-49D6-9E13-3DA2AD00D88C}
{E5F6A7B8-C90D-1E2F-3A4B-5C6D7E8F9A0B} = {56CB9B53-32CC-49D6-9E13-3DA2AD00D88C}
{F6A7B8C9-0D1E-2F3A-4B5C-6D7E8F9A0B1C} = {F8F85A72-0FEE-4F26-B583-8D238C71534D}
{A7B8C90D-1E2F-3A4B-5C6D-7E8F9A0B1C2D} = {F8F85A72-0FEE-4F26-B583-8D238C71534D}
{B8C90D1E-2F3A-4B5C-6D7E-8F9A0B1C2D3E} = {F8F85A72-0FEE-4F26-B583-8D238C71534D}
{C90D1E2F-3A4B-5C6D-7E8F-9A0B1C2D3E4F} = {F8F85A72-0FEE-4F26-B583-8D238C71534D}
{0D1E2F3A-4B5C-6D7E-8F9A-0B1C2D3E4F5A} = {F8F85A72-0FEE-4F26-B583-8D238C71534D}
{2F3A4B5C-6D7E-8F9A-0B1C-2D3E4F5A6B7C} = {041C71EA-0940-4EC3-9C62-619549E98383}
{3A4B5C6D-7E8F-9A0B-1C2D-3E4F5A6B7C8D} = {2F3A4B5C-6D7E-8F9A-0B1C-2D3E4F5A6B7C}
{4B5C6D7E-8F9A-0B1C-2D3E-4F5A6B7C8D9E} = {2F3A4B5C-6D7E-8F9A-0B1C-2D3E4F5A6B7C}
{5C6D7E8F-9A0B-1C2D-3E4F-5A6B7C8D9E0F} = {041C71EA-0940-4EC3-9C62-619549E98383}
{6D7E8F9A-0B1C-2D3E-4F5A-6B7C8D9E0F1A} = {5C6D7E8F-9A0B-1C2D-3E4F-5A6B7C8D9E0F}
{7E8F9A0B-1C2D-3E4F-5A6B-7C8D9E0F1A2B} = {56CB9B53-32CC-49D6-9E13-3DA2AD00D88C}
{8F9A0B1C-2D3E-4F5A-6B7C-8D9E0F1A2B3C} = {56CB9B53-32CC-49D6-9E13-3DA2AD00D88C}
{9A0B1C2D-3E4F-5A6B-7C8D-9E0F1A2B3C4D} = {56CB9B53-32CC-49D6-9E13-3DA2AD00D88C}
{0B1C2D3E-4F5A-6B7C-8D9E-0F1A2B3C4D5E} = {56CB9B53-32CC-49D6-9E13-3DA2AD00D88C}
{1C2D3E4F-5A6B-7C8D-9E0F-1A2B3C4D5E6F} = {56CB9B53-32CC-49D6-9E13-3DA2AD00D88C}
{2D3E4F5A-6B7C-8D9E-0F1A-2B3C4D5E6F7A} = {56CB9B53-32CC-49D6-9E13-3DA2AD00D88C}
{3E4F5A6B-7C8D-9E0F-1A2B-3C4D5E6F7A8B} = {56CB9B53-32CC-49D6-9E13-3DA2AD00D88C}
{4F5A6B7C-8D9E-0F1A-2B3C-4D5E6F7A8B9C} = {56CB9B53-32CC-49D6-9E13-3DA2AD00D88C}
{5A6B7C8D-9E0F-1A2B-3C4D-5E6F7A8B9C0D} = {56CB9B53-32CC-49D6-9E13-3DA2AD00D88C}
{6B7C8D9E-0F1A-2B3C-4D5E-6F7A8B9C0D1E} = {56CB9B53-32CC-49D6-9E13-3DA2AD00D88C}
{7C8D9E0F-1A2B-3C4D-5E6F-7A8B9C0D1E2F} = {56CB9B53-32CC-49D6-9E13-3DA2AD00D88C}
{8D9E0F1A-2B3C-4D5E-6F7A-8B9C0D1E2F3A} = {041C71EA-0940-4EC3-9C62-619549E98383}
{9E0F1A2B-3C4D-5E6F-7A8B-9C0D1E2F3A4B} = {8D9E0F1A-2B3C-4D5E-6F7A-8B9C0D1E2F3A}
	EndGlobalSection
EndGlobal
