
Microsoft Visual Studio Solution File, Format Version 12.00
# Visual Studio Version 17
VisualStudioVersion = 17.0.31903.59
MinimumVisualStudioVersion = 10.0.40219.1
Project("{2150E333-8FDC-42A3-9474-1A3956D46DE8}") = "src", "src", "{041C71EA-0940-4EC3-9C62-619549E98383}"
EndProject
Project("{2150E333-8FDC-42A3-9474-1A3956D46DE8}") = "tests", "tests", "{CD3944EB-FF32-457D-843B-921B0E1C4CBB}"
EndProject
Project("{2150E333-8FDC-42A3-9474-1A3956D46DE8}") = "docs", "docs", "{A3B5C7D9-E0F1-2A3B-4C5D-6E7F8A9B0C1D}"
	ProjectSection(SolutionItems) = preProject
		README.md = README.md
		.editorconfig = .editorconfig
		.gitignore = .gitignore
		Directory.Build.props = Directory.Build.props
		Directory.Packages.props = Directory.Packages.props
		docs\SERVICE-ARCHITECTURE.md = docs\SERVICE-ARCHITECTURE.md
		docs\API-AUTHENTICATION.md = docs\API-AUTHENTICATION.md
	EndProjectSection
EndProject
Project("{2150E333-8FDC-42A3-9474-1A3956D46DE8}") = "Core", "Core", "{B597606C-E08B-4D19-89D6-6604E92D3249}"
EndProject
Project("{2150E333-8FDC-42A3-9474-1A3956D46DE8}") = "Infrastructure", "Infrastructure", "{C6A8D0E2-F1B3-5D4C-6E8A-9F0B1C2D3E4F}"
EndProject
Project("{2150E333-8FDC-42A3-9474-1A3956D46DE8}") = "Services", "Services", "{56CB9B53-32CC-49D6-9E13-3DA2AD00D88C}"
EndProject
Project("{2150E333-8FDC-42A3-9474-1A3956D46DE8}") = "AI", "AI", "{D7E9F0A1-B2C3-4D5E-6F7A-8B9C0D1E2F3A}"
EndProject
Project("{2150E333-8FDC-42A3-9474-1A3956D46DE8}") = "Advanced", "Advanced", "{E8F0A1B2-C3D4-5E6F-7A8B-9C0D1E2F3A4B}"
EndProject
Project("{2150E333-8FDC-42A3-9474-1A3956D46DE8}") = "Api", "Api", "{F9A0B1C2-D3E4-6F5A-7B8C-9D0E1F2A3B4C}"
EndProject
Project("{2150E333-8FDC-42A3-9474-1A3956D46DE8}") = "Blockchain", "Blockchain", "{EA186002-E77D-41D3-A69C-6800C1E83187}"
EndProject
Project("{2150E333-8FDC-42A3-9474-1A3956D46DE8}") = "Tee", "Tee", "{2A93C8AE-D535-461A-8417-CCE3AC655D8C}"
EndProject
Project("{2150E333-8FDC-42A3-9474-1A3956D46DE8}") = "Utilities", "Utilities", "{A0B1C2D3-E4F5-6A7B-8C9D-0E1F2A3B4C5D}"
EndProject
Project("{2150E333-8FDC-42A3-9474-1A3956D46DE8}") = "Web", "Web", "{B1C2D3E4-F5A6-7B8C-9D0E-1F2A3B4C5D6E}"
EndProject
Project("{2150E333-8FDC-42A3-9474-1A3956D46DE8}") = "Services.Tests", "Services.Tests", "{F8F85A72-0FEE-4F26-B583-8D238C71534D}"
EndProject
Project("{2150E333-8FDC-42A3-9474-1A3956D46DE8}") = "Integration", "Integration", "{C2D3E4F5-A6B7-8C9D-0E1F-2A3B4C5D6E7F}"
EndProject
Project("{2150E333-8FDC-42A3-9474-1A3956D46DE8}") = "contracts", "contracts", "{D3E4F5A6-B7C8-9D0E-1F2A-3B4C5D6E7F8A}"
	ProjectSection(SolutionItems) = preProject
		contracts-neo-n3\NeoServiceLayer.Contracts.csproj = contracts-neo-n3\NeoServiceLayer.Contracts.csproj
	EndProjectSection
EndProject
# Core Projects
Project("{FAE04EC0-301F-11D3-BF4B-00C04F79EFBC}") = "NeoServiceLayer.Core", "src\Core\NeoServiceLayer.Core\NeoServiceLayer.Core.csproj", "{0018826C-7194-4B5D-A897-49C2B875ED89}"
EndProject
Project("{FAE04EC0-301F-11D3-BF4B-00C04F79EFBC}") = "NeoServiceLayer.Shared", "src\Core\NeoServiceLayer.Shared\NeoServiceLayer.Shared.csproj", "{1DF93834-C1C0-4C71-9F41-8347708FC6CC}"
EndProject
Project("{FAE04EC0-301F-11D3-BF4B-00C04F79EFBC}") = "NeoServiceLayer.ServiceFramework", "src\Core\NeoServiceLayer.ServiceFramework\NeoServiceLayer.ServiceFramework.csproj", "{E57D6203-74BB-4F84-B768-D12B38D644CB}"
EndProject
# Infrastructure Projects
Project("{FAE04EC0-301F-11D3-BF4B-00C04F79EFBC}") = "NeoServiceLayer.Infrastructure.Blockchain", "src\Infrastructure\NeoServiceLayer.Infrastructure.Blockchain\NeoServiceLayer.Infrastructure.Blockchain.csproj", "{313501C5-7B1A-42DD-82A4-702DB16371B5}"
EndProject
Project("{FAE04EC0-301F-11D3-BF4B-00C04F79EFBC}") = "NeoServiceLayer.Infrastructure.Security", "src\Infrastructure\NeoServiceLayer.Infrastructure.Security\NeoServiceLayer.Infrastructure.Security.csproj", "{A1B2C3D4-5E6F-7A8B-9C0D-1E2F3A4B5C6D}"
EndProject
Project("{FAE04EC0-301F-11D3-BF4B-00C04F79EFBC}") = "NeoServiceLayer.Infrastructure.CQRS", "src\Infrastructure\NeoServiceLayer.Infrastructure.CQRS\NeoServiceLayer.Infrastructure.CQRS.csproj", "{E4F5A6B7-C8D9-0E1F-2A3B-4C5D6E7F8A9B}"
EndProject
Project("{FAE04EC0-301F-11D3-BF4B-00C04F79EFBC}") = "NeoServiceLayer.Infrastructure.Caching", "src\Infrastructure\NeoServiceLayer.Infrastructure.Caching\NeoServiceLayer.Infrastructure.Caching.csproj", "{F5A6B7C8-D9E0-1F2A-3B4C-5D6E7F8A9B0C}"
EndProject
Project("{FAE04EC0-301F-11D3-BF4B-00C04F79EFBC}") = "NeoServiceLayer.Infrastructure.EventSourcing", "src\Infrastructure\NeoServiceLayer.Infrastructure.EventSourcing\NeoServiceLayer.Infrastructure.EventSourcing.csproj", "{A6B7C8D9-E0F1-2A3B-4C5D-6E7F8A9B0C1D}"
EndProject
Project("{FAE04EC0-301F-11D3-BF4B-00C04F79EFBC}") = "NeoServiceLayer.Infrastructure.Observability", "src\Infrastructure\NeoServiceLayer.Infrastructure.Observability\NeoServiceLayer.Infrastructure.Observability.csproj", "{B7C8D9E0-F1A2-3B4C-5D6E-7F8A9B0C1D2E}"
EndProject
Project("{FAE04EC0-301F-11D3-BF4B-00C04F79EFBC}") = "NeoServiceLayer.Infrastructure.Persistence", "src\Infrastructure\NeoServiceLayer.Infrastructure.Persistence\NeoServiceLayer.Infrastructure.Persistence.csproj", "{C8D9E0F1-A2B3-4C5D-6E7F-8A9B0C1D2E3F}"
EndProject
# AI Projects
Project("{FAE04EC0-301F-11D3-BF4B-00C04F79EFBC}") = "NeoServiceLayer.AI.PatternRecognition", "src\AI\NeoServiceLayer.AI.PatternRecognition\NeoServiceLayer.AI.PatternRecognition.csproj", "{D9E0F1A2-B3C4-5D6E-7F8A-9B0C1D2E3F4A}"
EndProject
Project("{FAE04EC0-301F-11D3-BF4B-00C04F79EFBC}") = "NeoServiceLayer.AI.Prediction", "src\AI\NeoServiceLayer.AI.Prediction\NeoServiceLayer.AI.Prediction.csproj", "{E0F1A2B3-C4D5-6E7F-8A9B-0C1D2E3F4A5B}"
EndProject
# Advanced Projects
Project("{FAE04EC0-301F-11D3-BF4B-00C04F79EFBC}") = "NeoServiceLayer.Advanced.FairOrdering", "src\Advanced\NeoServiceLayer.Advanced.FairOrdering\NeoServiceLayer.Advanced.FairOrdering.csproj", "{F1A2B3C4-D5E6-7F8A-9B0C-1D2E3F4A5B6C}"
EndProject
# API Projects
Project("{FAE04EC0-301F-11D3-BF4B-00C04F79EFBC}") = "NeoServiceLayer.Api", "src\Api\NeoServiceLayer.Api\NeoServiceLayer.Api.csproj", "{A2B3C4D5-E6F7-8A9B-0C1D-2E3F4A5B6C7D}"
EndProject
# Blockchain Projects
Project("{FAE04EC0-301F-11D3-BF4B-00C04F79EFBC}") = "NeoServiceLayer.Neo.N3", "src\Blockchain\NeoServiceLayer.Neo.N3\NeoServiceLayer.Neo.N3.csproj", "{D1A08724-4270-4EEA-8888-E66F20C120EA}"
EndProject
Project("{FAE04EC0-301F-11D3-BF4B-00C04F79EFBC}") = "NeoServiceLayer.Neo.X", "src\Blockchain\NeoServiceLayer.Neo.X\NeoServiceLayer.Neo.X.csproj", "{8623810F-D985-4F74-A6AE-56040ED40825}"
EndProject
# TEE Projects
Project("{FAE04EC0-301F-11D3-BF4B-00C04F79EFBC}") = "NeoServiceLayer.Tee.Host", "src\Tee\NeoServiceLayer.Tee.Host\NeoServiceLayer.Tee.Host.csproj", "{9F3A3FBB-4BCB-452E-A87A-6F7AEED76DE9}"
EndProject
Project("{FAE04EC0-301F-11D3-BF4B-00C04F79EFBC}") = "NeoServiceLayer.Tee.Enclave", "src\Tee\NeoServiceLayer.Tee.Enclave\NeoServiceLayer.Tee.Enclave.csproj", "{B94762E2-E5AE-4C27-8612-45DB358AAA34}"
EndProject
# Utility Projects
Project("{FAE04EC0-301F-11D3-BF4B-00C04F79EFBC}") = "NeoServiceLayer.Utilities.Common", "src\Utilities\NeoServiceLayer.Utilities.Common\NeoServiceLayer.Utilities.Common.csproj", "{B3C4D5E6-F7A8-9B0C-1D2E-3F4A5B6C7D8E}"
EndProject
Project("{FAE04EC0-301F-11D3-BF4B-00C04F79EFBC}") = "NeoServiceLayer.Utilities.Helpers", "src\Utilities\NeoServiceLayer.Utilities.Helpers\NeoServiceLayer.Utilities.Helpers.csproj", "{C4D5E6F7-A8B9-0C1D-2E3F-4A5B6C7D8E9F}"
EndProject
# Web Projects
Project("{FAE04EC0-301F-11D3-BF4B-00C04F79EFBC}") = "NeoServiceLayer.Web", "src\Web\NeoServiceLayer.Web\NeoServiceLayer.Web.csproj", "{D5E6F7A8-B9C0-1D2E-3F4A-5B6C7D8E9F0A}"
EndProject
# Service Projects
Project("{FAE04EC0-301F-11D3-BF4B-00C04F79EFBC}") = "NeoServiceLayer.Services.AbstractAccount", "src\Services\NeoServiceLayer.Services.AbstractAccount\NeoServiceLayer.Services.AbstractAccount.csproj", "{E6F7A8B9-C0D1-2E3F-4A5B-6C7D8E9F0A1B}"
EndProject
Project("{FAE04EC0-301F-11D3-BF4B-00C04F79EFBC}") = "NeoServiceLayer.Services.Authentication", "src\Services\NeoServiceLayer.Services.Authentication\NeoServiceLayer.Services.Authentication.csproj", "{F7A8B9C0-D1E2-3F4A-5B6C-7D8E9F0A1B2C}"
EndProject
Project("{FAE04EC0-301F-11D3-BF4B-00C04F79EFBC}") = "NeoServiceLayer.Services.Automation", "src\Services\NeoServiceLayer.Services.Automation\NeoServiceLayer.Services.Automation.csproj", "{A8B9C0D1-E2F3-4A5B-6C7D-8E9F0A1B2C3D}"
EndProject
Project("{FAE04EC0-301F-11D3-BF4B-00C04F79EFBC}") = "NeoServiceLayer.Services.Backup", "src\Services\NeoServiceLayer.Services.Backup\NeoServiceLayer.Services.Backup.csproj", "{B9C0D1E2-F3A4-5B6C-7D8E-9F0A1B2C3D4E}"
EndProject
Project("{FAE04EC0-301F-11D3-BF4B-00C04F79EFBC}") = "NeoServiceLayer.Services.Compliance", "src\Services\NeoServiceLayer.Services.Compliance\NeoServiceLayer.Services.Compliance.csproj", "{C0D1E2F3-A4B5-6C7D-8E9F-0A1B2C3D4E5F}"
EndProject
Project("{FAE04EC0-301F-11D3-BF4B-00C04F79EFBC}") = "NeoServiceLayer.Services.Compute", "src\Services\NeoServiceLayer.Services.Compute\NeoServiceLayer.Services.Compute.csproj", "{B2C3D4E5-F6A7-8B9C-0D1E-2F3A4B5C6D7E}"
EndProject
Project("{FAE04EC0-301F-11D3-BF4B-00C04F79EFBC}") = "NeoServiceLayer.Services.Configuration", "src\Services\NeoServiceLayer.Services.Configuration\NeoServiceLayer.Services.Configuration.csproj", "{D1E2F3A4-B5C6-7D8E-9F0A-1B2C3D4E5F6A}"
EndProject
Project("{FAE04EC0-301F-11D3-BF4B-00C04F79EFBC}") = "NeoServiceLayer.Services.CrossChain", "src\Services\NeoServiceLayer.Services.CrossChain\NeoServiceLayer.Services.CrossChain.csproj", "{E2F3A4B5-C6D7-8E9F-0A1B-2C3D4E5F6A7B}"
EndProject
Project("{FAE04EC0-301F-11D3-BF4B-00C04F79EFBC}") = "NeoServiceLayer.Services.EnclaveStorage", "src\Services\NeoServiceLayer.Services.EnclaveStorage\NeoServiceLayer.Services.EnclaveStorage.csproj", "{F3A4B5C6-D7E8-9F0A-1B2C-3D4E5F6A7B8C}"
EndProject
Project("{FAE04EC0-301F-11D3-BF4B-00C04F79EFBC}") = "NeoServiceLayer.Services.EventSubscription", "src\Services\NeoServiceLayer.Services.EventSubscription\NeoServiceLayer.Services.EventSubscription.csproj", "{A4B5C6D7-E8F9-0A1B-2C3D-4E5F6A7B8C9D}"
EndProject
Project("{FAE04EC0-301F-11D3-BF4B-00C04F79EFBC}") = "NeoServiceLayer.Services.Health", "src\Services\NeoServiceLayer.Services.Health\NeoServiceLayer.Services.Health.csproj", "{B5C6D7E8-F9A0-1B2C-3D4E-5F6A7B8C9D0E}"
EndProject
Project("{FAE04EC0-301F-11D3-BF4B-00C04F79EFBC}") = "NeoServiceLayer.Services.KeyManagement", "src\Services\NeoServiceLayer.Services.KeyManagement\NeoServiceLayer.Services.KeyManagement.csproj", "{A1B2C3D4-E5F6-7A8B-9C0D-1E2F3A4B5C6D}"
EndProject
Project("{FAE04EC0-301F-11D3-BF4B-00C04F79EFBC}") = "NeoServiceLayer.Services.Monitoring", "src\Services\NeoServiceLayer.Services.Monitoring\NeoServiceLayer.Services.Monitoring.csproj", "{C6D7E8F9-A0B1-2C3D-4E5F-6A7B8C9D0E1F}"
EndProject
Project("{FAE04EC0-301F-11D3-BF4B-00C04F79EFBC}") = "NeoServiceLayer.Services.NetworkSecurity", "src\Services\NeoServiceLayer.Services.NetworkSecurity\NeoServiceLayer.Services.NetworkSecurity.csproj", "{D7E8F9A0-B1C2-3D4E-5F6A-7B8C9D0E1F2A}"
EndProject
Project("{FAE04EC0-301F-11D3-BF4B-00C04F79EFBC}") = "NeoServiceLayer.Services.Notification", "src\Services\NeoServiceLayer.Services.Notification\NeoServiceLayer.Services.Notification.csproj", "{E8F9A0B1-C2D3-4E5F-6A7B-8C9D0E1F2A3B}"
EndProject
Project("{FAE04EC0-301F-11D3-BF4B-00C04F79EFBC}") = "NeoServiceLayer.Services.Oracle", "src\Services\NeoServiceLayer.Services.Oracle\NeoServiceLayer.Services.Oracle.csproj", "{6ABDCE40-8457-4711-84A0-3C49982B44F7}"
EndProject
Project("{FAE04EC0-301F-11D3-BF4B-00C04F79EFBC}") = "NeoServiceLayer.Services.Permissions", "src\Services\NeoServiceLayer.Services.Permissions\NeoServiceLayer.Services.Permissions.csproj", "{F9A0B1C2-D3E4-5F6A-7B8C-9D0E1F2A3B4C}"
EndProject
Project("{FAE04EC0-301F-11D3-BF4B-00C04F79EFBC}") = "NeoServiceLayer.Services.ProofOfReserve", "src\Services\NeoServiceLayer.Services.ProofOfReserve\NeoServiceLayer.Services.ProofOfReserve.csproj", "{A0B1C2D3-E4F5-6A7B-8C9D-0E1F2A3B4C5D}"
EndProject
Project("{FAE04EC0-301F-11D3-BF4B-00C04F79EFBC}") = "NeoServiceLayer.Services.Randomness", "src\Services\NeoServiceLayer.Services.Randomness\NeoServiceLayer.Services.Randomness.csproj", "{93D18948-2815-4992-A45B-9E65AE68B338}"
EndProject
Project("{FAE04EC0-301F-11D3-BF4B-00C04F79EFBC}") = "NeoServiceLayer.Services.SecretsManagement", "src\Services\NeoServiceLayer.Services.SecretsManagement\NeoServiceLayer.Services.SecretsManagement.csproj", "{B1C2D3E4-F5A6-7B8C-9D0E-1F2A3B4C5D6E}"
EndProject
Project("{FAE04EC0-301F-11D3-BF4B-00C04F79EFBC}") = "NeoServiceLayer.Services.SmartContracts", "src\Services\NeoServiceLayer.Services.SmartContracts\NeoServiceLayer.Services.SmartContracts.csproj", "{C2D3E4F5-A6B7-8C9D-0E1F-2A3B4C5D6E7F}"
EndProject
Project("{FAE04EC0-301F-11D3-BF4B-00C04F79EFBC}") = "NeoServiceLayer.Services.SmartContracts.NeoN3", "src\Services\NeoServiceLayer.Services.SmartContracts.NeoN3\NeoServiceLayer.Services.SmartContracts.NeoN3.csproj", "{D3E4F5A6-B7C8-9D0E-1F2A-3B4C5D6E7F8A}"
EndProject
Project("{FAE04EC0-301F-11D3-BF4B-00C04F79EFBC}") = "NeoServiceLayer.Services.SmartContracts.NeoX", "src\Services\NeoServiceLayer.Services.SmartContracts.NeoX\NeoServiceLayer.Services.SmartContracts.NeoX.csproj", "{E4F5A6B7-C8D9-0E1F-2A3B-4C5D6E7F8A9B}"
EndProject
Project("{FAE04EC0-301F-11D3-BF4B-00C04F79EFBC}") = "NeoServiceLayer.Services.SocialRecovery", "src\Services\NeoServiceLayer.Services.SocialRecovery\NeoServiceLayer.Services.SocialRecovery.csproj", "{F5A6B7C8-D9E0-1F2A-3B4C-5D6E7F8A9B0C}"
EndProject
Project("{FAE04EC0-301F-11D3-BF4B-00C04F79EFBC}") = "NeoServiceLayer.Services.Statistics", "src\Services\NeoServiceLayer.Services.Statistics\NeoServiceLayer.Services.Statistics.csproj", "{A6B7C8D9-E0F1-2A3B-4C5D-6E7F8A9B0C1D}"
EndProject
Project("{FAE04EC0-301F-11D3-BF4B-00C04F79EFBC}") = "NeoServiceLayer.Services.Storage", "src\Services\NeoServiceLayer.Services.Storage\NeoServiceLayer.Services.Storage.csproj", "{C3D4E5F6-A7B8-9C0D-1E2F-3A4B5C6D7E8F}"
EndProject
Project("{FAE04EC0-301F-11D3-BF4B-00C04F79EFBC}") = "NeoServiceLayer.Services.Voting", "src\Services\NeoServiceLayer.Services.Voting\NeoServiceLayer.Services.Voting.csproj", "{B7C8D9E0-F1A2-3B4C-5D6E-7F8A9B0C1D2E}"
EndProject
Project("{FAE04EC0-301F-11D3-BF4B-00C04F79EFBC}") = "NeoServiceLayer.Services.ZeroKnowledge", "src\Services\NeoServiceLayer.Services.ZeroKnowledge\NeoServiceLayer.Services.ZeroKnowledge.csproj", "{C8D9E0F1-A2B3-4C5D-6E7F-8A9B0C1D2E3F}"
EndProject
# Test Projects
Project("{FAE04EC0-301F-11D3-BF4B-00C04F79EFBC}") = "NeoServiceLayer.Services.Oracle.Tests", "tests\Services\NeoServiceLayer.Services.Oracle.Tests\NeoServiceLayer.Services.Oracle.Tests.csproj", "{D4FB40C0-622F-4A8B-9FE9-C0820B9D7ED3}"
EndProject
Project("{FAE04EC0-301F-11D3-BF4B-00C04F79EFBC}") = "NeoServiceLayer.Services.Randomness.Tests", "tests\Services\NeoServiceLayer.Services.Randomness.Tests\NeoServiceLayer.Services.Randomness.Tests.csproj", "{3E50ECA1-621F-49FB-9A81-2DE92270E2A3}"
EndProject
Project("{FAE04EC0-301F-11D3-BF4B-00C04F79EFBC}") = "NeoServiceLayer.Services.KeyManagement.Tests", "tests\Services\NeoServiceLayer.Services.KeyManagement.Tests\NeoServiceLayer.Services.KeyManagement.Tests.csproj", "{D9E0F1A2-B3C4-5D6E-7F8A-9B0C1D2E3F4A}"
EndProject
Project("{FAE04EC0-301F-11D3-BF4B-00C04F79EFBC}") = "NeoServiceLayer.Services.ZeroKnowledge.Tests", "tests\Services\NeoServiceLayer.Services.ZeroKnowledge.Tests\NeoServiceLayer.Services.ZeroKnowledge.Tests.csproj", "{E0F1A2B3-C4D5-6E7F-8A9B-0C1D2E3F4A5B}"
EndProject
Project("{FAE04EC0-301F-11D3-BF4B-00C04F79EFBC}") = "NeoServiceLayer.Services.CrossChain.Tests", "tests\Services\NeoServiceLayer.Services.CrossChain.Tests\NeoServiceLayer.Services.CrossChain.Tests.csproj", "{F1A2B3C4-D5E6-7F8A-9B0C-1D2E3F4A5B6C}"
EndProject
Project("{FAE04EC0-301F-11D3-BF4B-00C04F79EFBC}") = "NeoServiceLayer.Services.ProofOfReserve.Tests", "tests\Services\NeoServiceLayer.Services.ProofOfReserve.Tests\NeoServiceLayer.Services.ProofOfReserve.Tests.csproj", "{A2B3C4D5-E6F7-8A9B-0C1D-2E3F4A5B6C7D}"
EndProject
Project("{FAE04EC0-301F-11D3-BF4B-00C04F79EFBC}") = "NeoServiceLayer.Services.Authentication.Tests", "tests\Services\NeoServiceLayer.Services.Authentication.Tests\NeoServiceLayer.Services.Authentication.Tests.csproj", "{B3C4D5E6-F7A8-9B0C-1D2E-3F4A5B6C7D8E}"
EndProject
Project("{FAE04EC0-301F-11D3-BF4B-00C04F79EFBC}") = "NeoServiceLayer.Integration.Tests", "tests\Integration\NeoServiceLayer.Integration.Tests\NeoServiceLayer.Integration.Tests.csproj", "{C4D5E6F7-A8B9-0C1D-2E3F-4A5B6C7D8E9F}"
EndProject
Global
	GlobalSection(SolutionConfigurationPlatforms) = preSolution
		Debug|Any CPU = Debug|Any CPU
		Release|Any CPU = Release|Any CPU
	EndGlobalSection
	GlobalSection(SolutionProperties) = preSolution
		HideSolutionNode = FALSE
	EndGlobalSection
	GlobalSection(ProjectConfigurationPlatforms) = postSolution
		{0018826C-7194-4B5D-A897-49C2B875ED89}.Debug|Any CPU.ActiveCfg = Debug|Any CPU
		{0018826C-7194-4B5D-A897-49C2B875ED89}.Debug|Any CPU.Build.0 = Debug|Any CPU
		{0018826C-7194-4B5D-A897-49C2B875ED89}.Release|Any CPU.ActiveCfg = Release|Any CPU
		{0018826C-7194-4B5D-A897-49C2B875ED89}.Release|Any CPU.Build.0 = Release|Any CPU
	EndGlobalSection
	GlobalSection(NestedProjects) = preSolution
		{B597606C-E08B-4D19-89D6-6604E92D3249} = {041C71EA-0940-4EC3-9C62-619549E98383}
		{C6A8D0E2-F1B3-5D4C-6E8A-9F0B1C2D3E4F} = {041C71EA-0940-4EC3-9C62-619549E98383}
		{56CB9B53-32CC-49D6-9E13-3DA2AD00D88C} = {041C71EA-0940-4EC3-9C62-619549E98383}
		{D7E9F0A1-B2C3-4D5E-6F7A-8B9C0D1E2F3A} = {041C71EA-0940-4EC3-9C62-619549E98383}
		{E8F0A1B2-C3D4-5E6F-7A8B-9C0D1E2F3A4B} = {041C71EA-0940-4EC3-9C62-619549E98383}
		{F9A0B1C2-D3E4-6F5A-7B8C-9D0E1F2A3B4C} = {041C71EA-0940-4EC3-9C62-619549E98383}
		{EA186002-E77D-41D3-A69C-6800C1E83187} = {041C71EA-0940-4EC3-9C62-619549E98383}
		{2A93C8AE-D535-461A-8417-CCE3AC655D8C} = {041C71EA-0940-4EC3-9C62-619549E98383}
		{A0B1C2D3-E4F5-6A7B-8C9D-0E1F2A3B4C5D} = {041C71EA-0940-4EC3-9C62-619549E98383}
		{B1C2D3E4-F5A6-7B8C-9D0E-1F2A3B4C5D6E} = {041C71EA-0940-4EC3-9C62-619549E98383}
		{F8F85A72-0FEE-4F26-B583-8D238C71534D} = {CD3944EB-FF32-457D-843B-921B0E1C4CBB}
		{C2D3E4F5-A6B7-8C9D-0E1F-2A3B4C5D6E7F} = {CD3944EB-FF32-457D-843B-921B0E1C4CBB}
		{0018826C-7194-4B5D-A897-49C2B875ED89} = {B597606C-E08B-4D19-89D6-6604E92D3249}
		{1DF93834-C1C0-4C71-9F41-8347708FC6CC} = {B597606C-E08B-4D19-89D6-6604E92D3249}
		{E57D6203-74BB-4F84-B768-D12B38D644CB} = {B597606C-E08B-4D19-89D6-6604E92D3249}
		{313501C5-7B1A-42DD-82A4-702DB16371B5} = {C6A8D0E2-F1B3-5D4C-6E8A-9F0B1C2D3E4F}
		{A1B2C3D4-5E6F-7A8B-9C0D-1E2F3A4B5C6D} = {C6A8D0E2-F1B3-5D4C-6E8A-9F0B1C2D3E4F}
		{E4F5A6B7-C8D9-0E1F-2A3B-4C5D6E7F8A9B} = {C6A8D0E2-F1B3-5D4C-6E8A-9F0B1C2D3E4F}
		{F5A6B7C8-D9E0-1F2A-3B4C-5D6E7F8A9B0C} = {C6A8D0E2-F1B3-5D4C-6E8A-9F0B1C2D3E4F}
		{A6B7C8D9-E0F1-2A3B-4C5D-6E7F8A9B0C1D} = {C6A8D0E2-F1B3-5D4C-6E8A-9F0B1C2D3E4F}
		{B7C8D9E0-F1A2-3B4C-5D6E-7F8A9B0C1D2E} = {C6A8D0E2-F1B3-5D4C-6E8A-9F0B1C2D3E4F}
		{C8D9E0F1-A2B3-4C5D-6E7F-8A9B0C1D2E3F} = {C6A8D0E2-F1B3-5D4C-6E8A-9F0B1C2D3E4F}
		{D9E0F1A2-B3C4-5D6E-7F8A-9B0C1D2E3F4A} = {D7E9F0A1-B2C3-4D5E-6F7A-8B9C0D1E2F3A}
		{E0F1A2B3-C4D5-6E7F-8A9B-0C1D2E3F4A5B} = {D7E9F0A1-B2C3-4D5E-6F7A-8B9C0D1E2F3A}
		{F1A2B3C4-D5E6-7F8A-9B0C-1D2E3F4A5B6C} = {E8F0A1B2-C3D4-5E6F-7A8B-9C0D1E2F3A4B}
		{A2B3C4D5-E6F7-8A9B-0C1D-2E3F4A5B6C7D} = {F9A0B1C2-D3E4-6F5A-7B8C-9D0E1F2A3B4C}
		{D1A08724-4270-4EEA-8888-E66F20C120EA} = {EA186002-E77D-41D3-A69C-6800C1E83187}
		{8623810F-D985-4F74-A6AE-56040ED40825} = {EA186002-E77D-41D3-A69C-6800C1E83187}
		{9F3A3FBB-4BCB-452E-A87A-6F7AEED76DE9} = {2A93C8AE-D535-461A-8417-CCE3AC655D8C}
		{B94762E2-E5AE-4C27-8612-45DB358AAA34} = {2A93C8AE-D535-461A-8417-CCE3AC655D8C}
		{B3C4D5E6-F7A8-9B0C-1D2E-3F4A5B6C7D8E} = {A0B1C2D3-E4F5-6A7B-8C9D-0E1F2A3B4C5D}
		{C4D5E6F7-A8B9-0C1D-2E3F-4A5B6C7D8E9F} = {A0B1C2D3-E4F5-6A7B-8C9D-0E1F2A3B4C5D}
		{D5E6F7A8-B9C0-1D2E-3F4A-5B6C7D8E9F0A} = {B1C2D3E4-F5A6-7B8C-9D0E-1F2A3B4C5D6E}
		{E6F7A8B9-C0D1-2E3F-4A5B-6C7D8E9F0A1B} = {56CB9B53-32CC-49D6-9E13-3DA2AD00D88C}
		{F7A8B9C0-D1E2-3F4A-5B6C-7D8E9F0A1B2C} = {56CB9B53-32CC-49D6-9E13-3DA2AD00D88C}
		{A8B9C0D1-E2F3-4A5B-6C7D-8E9F0A1B2C3D} = {56CB9B53-32CC-49D6-9E13-3DA2AD00D88C}
		{B9C0D1E2-F3A4-5B6C-7D8E-9F0A1B2C3D4E} = {56CB9B53-32CC-49D6-9E13-3DA2AD00D88C}
		{C0D1E2F3-A4B5-6C7D-8E9F-0A1B2C3D4E5F} = {56CB9B53-32CC-49D6-9E13-3DA2AD00D88C}
		{B2C3D4E5-F6A7-8B9C-0D1E-2F3A4B5C6D7E} = {56CB9B53-32CC-49D6-9E13-3DA2AD00D88C}
		{D1E2F3A4-B5C6-7D8E-9F0A-1B2C3D4E5F6A} = {56CB9B53-32CC-49D6-9E13-3DA2AD00D88C}
		{E2F3A4B5-C6D7-8E9F-0A1B-2C3D4E5F6A7B} = {56CB9B53-32CC-49D6-9E13-3DA2AD00D88C}
		{F3A4B5C6-D7E8-9F0A-1B2C-3D4E5F6A7B8C} = {56CB9B53-32CC-49D6-9E13-3DA2AD00D88C}
		{A4B5C6D7-E8F9-0A1B-2C3D-4E5F6A7B8C9D} = {56CB9B53-32CC-49D6-9E13-3DA2AD00D88C}
		{B5C6D7E8-F9A0-1B2C-3D4E-5F6A7B8C9D0E} = {56CB9B53-32CC-49D6-9E13-3DA2AD00D88C}
		{A1B2C3D4-E5F6-7A8B-9C0D-1E2F3A4B5C6D} = {56CB9B53-32CC-49D6-9E13-3DA2AD00D88C}
		{C6D7E8F9-A0B1-2C3D-4E5F-6A7B8C9D0E1F} = {56CB9B53-32CC-49D6-9E13-3DA2AD00D88C}
		{D7E8F9A0-B1C2-3D4E-5F6A-7B8C9D0E1F2A} = {56CB9B53-32CC-49D6-9E13-3DA2AD00D88C}
		{E8F9A0B1-C2D3-4E5F-6A7B-8C9D0E1F2A3B} = {56CB9B53-32CC-49D6-9E13-3DA2AD00D88C}
		{6ABDCE40-8457-4711-84A0-3C49982B44F7} = {56CB9B53-32CC-49D6-9E13-3DA2AD00D88C}
		{F9A0B1C2-D3E4-5F6A-7B8C-9D0E1F2A3B4C} = {56CB9B53-32CC-49D6-9E13-3DA2AD00D88C}
		{A0B1C2D3-E4F5-6A7B-8C9D-0E1F2A3B4C5D} = {56CB9B53-32CC-49D6-9E13-3DA2AD00D88C}
		{93D18948-2815-4992-A45B-9E65AE68B338} = {56CB9B53-32CC-49D6-9E13-3DA2AD00D88C}
		{B1C2D3E4-F5A6-7B8C-9D0E-1F2A3B4C5D6E} = {56CB9B53-32CC-49D6-9E13-3DA2AD00D88C}
		{C2D3E4F5-A6B7-8C9D-0E1F-2A3B4C5D6E7F} = {56CB9B53-32CC-49D6-9E13-3DA2AD00D88C}
		{D3E4F5A6-B7C8-9D0E-1F2A-3B4C5D6E7F8A} = {56CB9B53-32CC-49D6-9E13-3DA2AD00D88C}
		{E4F5A6B7-C8D9-0E1F-2A3B-4C5D6E7F8A9B} = {56CB9B53-32CC-49D6-9E13-3DA2AD00D88C}
		{F5A6B7C8-D9E0-1F2A-3B4C-5D6E7F8A9B0C} = {56CB9B53-32CC-49D6-9E13-3DA2AD00D88C}
		{A6B7C8D9-E0F1-2A3B-4C5D-6E7F8A9B0C1D} = {56CB9B53-32CC-49D6-9E13-3DA2AD00D88C}
		{C3D4E5F6-A7B8-9C0D-1E2F-3A4B5C6D7E8F} = {56CB9B53-32CC-49D6-9E13-3DA2AD00D88C}
		{B7C8D9E0-F1A2-3B4C-5D6E-7F8A9B0C1D2E} = {56CB9B53-32CC-49D6-9E13-3DA2AD00D88C}
		{C8D9E0F1-A2B3-4C5D-6E7F-8A9B0C1D2E3F} = {56CB9B53-32CC-49D6-9E13-3DA2AD00D88C}
		{D4FB40C0-622F-4A8B-9FE9-C0820B9D7ED3} = {F8F85A72-0FEE-4F26-B583-8D238C71534D}
		{3E50ECA1-621F-49FB-9A81-2DE92270E2A3} = {F8F85A72-0FEE-4F26-B583-8D238C71534D}
		{D9E0F1A2-B3C4-5D6E-7F8A-9B0C1D2E3F4A} = {F8F85A72-0FEE-4F26-B583-8D238C71534D}
		{E0F1A2B3-C4D5-6E7F-8A9B-0C1D2E3F4A5B} = {F8F85A72-0FEE-4F26-B583-8D238C71534D}
		{F1A2B3C4-D5E6-7F8A-9B0C-1D2E3F4A5B6C} = {F8F85A72-0FEE-4F26-B583-8D238C71534D}
		{A2B3C4D5-E6F7-8A9B-0C1D-2E3F4A5B6C7D} = {F8F85A72-0FEE-4F26-B583-8D238C71534D}
		{B3C4D5E6-F7A8-9B0C-1D2E-3F4A5B6C7D8E} = {F8F85A72-0FEE-4F26-B583-8D238C71534D}
		{C4D5E6F7-A8B9-0C1D-2E3F-4A5B6C7D8E9F} = {C2D3E4F5-A6B7-8C9D-0E1F-2A3B4C5D6E7F}
	EndGlobalSection
EndGlobal